// !$*UTF8*$!
{
	archiveVersion = 1;
	classes = {
	};
	objectVersion = 51;
	objects = {

/* Begin PBXBuildFile section */
		2F36ACEF2143E723003DB8E0 /* 扩展String介绍.txt in Resources */ = {isa = PBXBuildFile; fileRef = 2F36ACEE2143E723003DB8E0 /* 扩展String介绍.txt */; };
		2F36ACF72143E992003DB8E0 /* 扩展Color介绍.txt in Resources */ = {isa = PBXBuildFile; fileRef = 2F36ACF02143E991003DB8E0 /* 扩展Color介绍.txt */; };
		2F36ACF82143E992003DB8E0 /* 扩展UIView介绍.txt in Resources */ = {isa = PBXBuildFile; fileRef = 2F36ACF12143E991003DB8E0 /* 扩展UIView介绍.txt */; };
		2F36ACF92143E992003DB8E0 /* 扩展Array介绍.txt in Resources */ = {isa = PBXBuildFile; fileRef = 2F36ACF22143E991003DB8E0 /* 扩展Array介绍.txt */; };
		2F36ACFA2143E992003DB8E0 /* 扩展Double介绍.txt in Resources */ = {isa = PBXBuildFile; fileRef = 2F36ACF32143E991003DB8E0 /* 扩展Double介绍.txt */; };
		2F36ACFB2143E992003DB8E0 /* 扩展UINavigationBar介绍.txt in Resources */ = {isa = PBXBuildFile; fileRef = 2F36ACF42143E992003DB8E0 /* 扩展UINavigationBar介绍.txt */; };
		2F36ACFC2143E992003DB8E0 /* 扩展UIImage介绍.txt in Resources */ = {isa = PBXBuildFile; fileRef = 2F36ACF52143E992003DB8E0 /* 扩展UIImage介绍.txt */; };
		2F36ACFD2143E992003DB8E0 /* 扩展UITextField介绍.txt in Resources */ = {isa = PBXBuildFile; fileRef = 2F36ACF62143E992003DB8E0 /* 扩展UITextField介绍.txt */; };
		2F36ACFF2143EA33003DB8E0 /* DescViewController.swift in Sources */ = {isa = PBXBuildFile; fileRef = 2F36ACFE2143EA33003DB8E0 /* DescViewController.swift */; };
		2FB26FA921436C2F0096E546 /* AppDelegate.swift in Sources */ = {isa = PBXBuildFile; fileRef = 2FB26FA821436C2F0096E546 /* AppDelegate.swift */; };
		2FB26FAB21436C2F0096E546 /* ViewController.swift in Sources */ = {isa = PBXBuildFile; fileRef = 2FB26FAA21436C2F0096E546 /* ViewController.swift */; };
		2FB26FAE21436C2F0096E546 /* Main.storyboard in Resources */ = {isa = PBXBuildFile; fileRef = 2FB26FAC21436C2F0096E546 /* Main.storyboard */; };
		2FB26FB021436C320096E546 /* Assets.xcassets in Resources */ = {isa = PBXBuildFile; fileRef = 2FB26FAF21436C320096E546 /* Assets.xcassets */; };
		2FB26FB321436C320096E546 /* LaunchScreen.storyboard in Resources */ = {isa = PBXBuildFile; fileRef = 2FB26FB121436C320096E546 /* LaunchScreen.storyboard */; };
		2FB26FC6214376680096E546 /* Extension-String.swift in Sources */ = {isa = PBXBuildFile; fileRef = 2FB26FBB214376680096E546 /* Extension-String.swift */; };
		2FB26FC7214376680096E546 /* Extension-UIImage.swift in Sources */ = {isa = PBXBuildFile; fileRef = 2FB26FBC214376680096E546 /* Extension-UIImage.swift */; };
		2FB26FC9214376680096E546 /* Extension-UINavigationBar.swift in Sources */ = {isa = PBXBuildFile; fileRef = 2FB26FBE214376680096E546 /* Extension-UINavigationBar.swift */; };
		2FB26FCA214376680096E546 /* Extension-Double-Operator.swift in Sources */ = {isa = PBXBuildFile; fileRef = 2FB26FBF214376680096E546 /* Extension-Double-Operator.swift */; };
		2FB26FCB214376680096E546 /* Extension-Color.swift in Sources */ = {isa = PBXBuildFile; fileRef = 2FB26FC0214376680096E546 /* Extension-Color.swift */; };
		2FB26FCD214376680096E546 /* Extension-UIView.swift in Sources */ = {isa = PBXBuildFile; fileRef = 2FB26FC2214376680096E546 /* Extension-UIView.swift */; };
		2FB26FD0214376680096E546 /* Extension-UITextField.swift in Sources */ = {isa = PBXBuildFile; fileRef = 2FB26FC5214376680096E546 /* Extension-UITextField.swift */; };
		2FB26FD22143789F0096E546 /* Extension-Array.swift in Sources */ = {isa = PBXBuildFile; fileRef = 2FB26FD12143789F0096E546 /* Extension-Array.swift */; };
		7ACAC0A674E892A985721ED6 /* Pods_EXDemo.framework in Frameworks */ = {isa = PBXBuildFile; fileRef = 3279FBE1C0ADF15EF6364C9C /* Pods_EXDemo.framework */; };
		C729C95E22C4790C00BB365A /* Extension-Range.swift in Sources */ = {isa = PBXBuildFile; fileRef = C729C95D22C4790C00BB365A /* Extension-Range.swift */; };
		C729C96022C4CAEE00BB365A /* Extension-NSLayoutConstraint.swift in Sources */ = {isa = PBXBuildFile; fileRef = C729C95F22C4CAEE00BB365A /* Extension-NSLayoutConstraint.swift */; };
		C729C96222C4CD1400BB365A /* Extension-Date.swift in Sources */ = {isa = PBXBuildFile; fileRef = C729C96122C4CD1400BB365A /* Extension-Date.swift */; };
		C729C96422C4EF1A00BB365A /* Protocol.swift in Sources */ = {isa = PBXBuildFile; fileRef = C729C96322C4EF1A00BB365A /* Protocol.swift */; };
		C7790E2E24221110001A5900 /* Extension-Double.swift in Sources */ = {isa = PBXBuildFile; fileRef = C7790E2D24221110001A5900 /* Extension-Double.swift */; };
		C78A338622C50B690048EB09 /* Color.swift in Sources */ = {isa = PBXBuildFile; fileRef = C78A338522C50B690048EB09 /* Color.swift */; };
		C7FFCD09241F971E00802328 /* Extension-String-2-Number.swift in Sources */ = {isa = PBXBuildFile; fileRef = C7FFCD08241F971E00802328 /* Extension-String-2-Number.swift */; };
		C7FFCD0B241F9ADA00802328 /* CommonlyNumber.swift in Sources */ = {isa = PBXBuildFile; fileRef = C7FFCD0A241F9ADA00802328 /* CommonlyNumber.swift */; };
		C7FFCD0D241FAE8600802328 /* Extension-Number-2-String.swift in Sources */ = {isa = PBXBuildFile; fileRef = C7FFCD0C241FAE8600802328 /* Extension-Number-2-String.swift */; };
/* End PBXBuildFile section */

/* Begin PBXFileReference section */
		21F26148F769DA9FB35AFF17 /* Pods-EXDemo.release.xcconfig */ = {isa = PBXFileReference; includeInIndex = 1; lastKnownFileType = text.xcconfig; name = "Pods-EXDemo.release.xcconfig"; path = "Pods/Target Support Files/Pods-EXDemo/Pods-EXDemo.release.xcconfig"; sourceTree = "<group>"; };
		2F36ACEE2143E723003DB8E0 /* 扩展String介绍.txt */ = {isa = PBXFileReference; lastKnownFileType = text; path = "扩展String介绍.txt"; sourceTree = "<group>"; };
		2F36ACF02143E991003DB8E0 /* 扩展Color介绍.txt */ = {isa = PBXFileReference; fileEncoding = 4; lastKnownFileType = text; path = "扩展Color介绍.txt"; sourceTree = "<group>"; };
		2F36ACF12143E991003DB8E0 /* 扩展UIView介绍.txt */ = {isa = PBXFileReference; fileEncoding = 4; lastKnownFileType = text; path = "扩展UIView介绍.txt"; sourceTree = "<group>"; };
		2F36ACF22143E991003DB8E0 /* 扩展Array介绍.txt */ = {isa = PBXFileReference; fileEncoding = 4; lastKnownFileType = text; path = "扩展Array介绍.txt"; sourceTree = "<group>"; };
		2F36ACF32143E991003DB8E0 /* 扩展Double介绍.txt */ = {isa = PBXFileReference; fileEncoding = 4; lastKnownFileType = text; path = "扩展Double介绍.txt"; sourceTree = "<group>"; };
		2F36ACF42143E992003DB8E0 /* 扩展UINavigationBar介绍.txt */ = {isa = PBXFileReference; fileEncoding = 4; lastKnownFileType = text; path = "扩展UINavigationBar介绍.txt"; sourceTree = "<group>"; };
		2F36ACF52143E992003DB8E0 /* 扩展UIImage介绍.txt */ = {isa = PBXFileReference; fileEncoding = 4; lastKnownFileType = text; path = "扩展UIImage介绍.txt"; sourceTree = "<group>"; };
		2F36ACF62143E992003DB8E0 /* 扩展UITextField介绍.txt */ = {isa = PBXFileReference; fileEncoding = 4; lastKnownFileType = text; path = "扩展UITextField介绍.txt"; sourceTree = "<group>"; };
		2F36ACFE2143EA33003DB8E0 /* DescViewController.swift */ = {isa = PBXFileReference; lastKnownFileType = sourcecode.swift; path = DescViewController.swift; sourceTree = "<group>"; };
		2FB26FA521436C2F0096E546 /* EXDemo.app */ = {isa = PBXFileReference; explicitFileType = wrapper.application; includeInIndex = 0; path = EXDemo.app; sourceTree = BUILT_PRODUCTS_DIR; };
		2FB26FA821436C2F0096E546 /* AppDelegate.swift */ = {isa = PBXFileReference; lastKnownFileType = sourcecode.swift; path = AppDelegate.swift; sourceTree = "<group>"; };
		2FB26FAA21436C2F0096E546 /* ViewController.swift */ = {isa = PBXFileReference; lastKnownFileType = sourcecode.swift; path = ViewController.swift; sourceTree = "<group>"; };
		2FB26FAD21436C2F0096E546 /* Base */ = {isa = PBXFileReference; lastKnownFileType = file.storyboard; name = Base; path = Base.lproj/Main.storyboard; sourceTree = "<group>"; };
		2FB26FAF21436C320096E546 /* Assets.xcassets */ = {isa = PBXFileReference; lastKnownFileType = folder.assetcatalog; path = Assets.xcassets; sourceTree = "<group>"; };
		2FB26FB221436C320096E546 /* Base */ = {isa = PBXFileReference; lastKnownFileType = file.storyboard; name = Base; path = Base.lproj/LaunchScreen.storyboard; sourceTree = "<group>"; };
		2FB26FB421436C320096E546 /* Info.plist */ = {isa = PBXFileReference; lastKnownFileType = text.plist.xml; path = Info.plist; sourceTree = "<group>"; };
		2FB26FBB214376680096E546 /* Extension-String.swift */ = {isa = PBXFileReference; fileEncoding = 4; lastKnownFileType = sourcecode.swift; path = "Extension-String.swift"; sourceTree = "<group>"; };
		2FB26FBC214376680096E546 /* Extension-UIImage.swift */ = {isa = PBXFileReference; fileEncoding = 4; lastKnownFileType = sourcecode.swift; path = "Extension-UIImage.swift"; sourceTree = "<group>"; };
		2FB26FBE214376680096E546 /* Extension-UINavigationBar.swift */ = {isa = PBXFileReference; fileEncoding = 4; lastKnownFileType = sourcecode.swift; path = "Extension-UINavigationBar.swift"; sourceTree = "<group>"; };
		2FB26FBF214376680096E546 /* Extension-Double-Operator.swift */ = {isa = PBXFileReference; fileEncoding = 4; lastKnownFileType = sourcecode.swift; path = "Extension-Double-Operator.swift"; sourceTree = "<group>"; };
		2FB26FC0214376680096E546 /* Extension-Color.swift */ = {isa = PBXFileReference; fileEncoding = 4; lastKnownFileType = sourcecode.swift; path = "Extension-Color.swift"; sourceTree = "<group>"; };
		2FB26FC2214376680096E546 /* Extension-UIView.swift */ = {isa = PBXFileReference; fileEncoding = 4; lastKnownFileType = sourcecode.swift; path = "Extension-UIView.swift"; sourceTree = "<group>"; };
		2FB26FC5214376680096E546 /* Extension-UITextField.swift */ = {isa = PBXFileReference; fileEncoding = 4; lastKnownFileType = sourcecode.swift; path = "Extension-UITextField.swift"; sourceTree = "<group>"; };
		2FB26FD12143789F0096E546 /* Extension-Array.swift */ = {isa = PBXFileReference; lastKnownFileType = sourcecode.swift; path = "Extension-Array.swift"; sourceTree = "<group>"; };
		3279FBE1C0ADF15EF6364C9C /* Pods_EXDemo.framework */ = {isa = PBXFileReference; explicitFileType = wrapper.framework; includeInIndex = 0; path = Pods_EXDemo.framework; sourceTree = BUILT_PRODUCTS_DIR; };
		C729C95D22C4790C00BB365A /* Extension-Range.swift */ = {isa = PBXFileReference; lastKnownFileType = sourcecode.swift; path = "Extension-Range.swift"; sourceTree = "<group>"; };
		C729C95F22C4CAEE00BB365A /* Extension-NSLayoutConstraint.swift */ = {isa = PBXFileReference; fileEncoding = 4; lastKnownFileType = sourcecode.swift; path = "Extension-NSLayoutConstraint.swift"; sourceTree = "<group>"; };
		C729C96122C4CD1400BB365A /* Extension-Date.swift */ = {isa = PBXFileReference; fileEncoding = 4; lastKnownFileType = sourcecode.swift; path = "Extension-Date.swift"; sourceTree = "<group>"; };
		C729C96322C4EF1A00BB365A /* Protocol.swift */ = {isa = PBXFileReference; lastKnownFileType = sourcecode.swift; path = Protocol.swift; sourceTree = "<group>"; };
		C7790E2D24221110001A5900 /* Extension-Double.swift */ = {isa = PBXFileReference; lastKnownFileType = sourcecode.swift; path = "Extension-Double.swift"; sourceTree = "<group>"; };
		C78A338522C50B690048EB09 /* Color.swift */ = {isa = PBXFileReference; lastKnownFileType = sourcecode.swift; path = Color.swift; sourceTree = "<group>"; };
		C7FFCD08241F971E00802328 /* Extension-String-2-Number.swift */ = {isa = PBXFileReference; lastKnownFileType = sourcecode.swift; path = "Extension-String-2-Number.swift"; sourceTree = "<group>"; };
		C7FFCD0A241F9ADA00802328 /* CommonlyNumber.swift */ = {isa = PBXFileReference; lastKnownFileType = sourcecode.swift; path = CommonlyNumber.swift; sourceTree = "<group>"; };
		C7FFCD0C241FAE8600802328 /* Extension-Number-2-String.swift */ = {isa = PBXFileReference; lastKnownFileType = sourcecode.swift; path = "Extension-Number-2-String.swift"; sourceTree = "<group>"; };
		EDEF919788C8D45ECEF374D1 /* Pods-EXDemo.debug.xcconfig */ = {isa = PBXFileReference; includeInIndex = 1; lastKnownFileType = text.xcconfig; name = "Pods-EXDemo.debug.xcconfig"; path = "Pods/Target Support Files/Pods-EXDemo/Pods-EXDemo.debug.xcconfig"; sourceTree = "<group>"; };
/* End PBXFileReference section */

/* Begin PBXFrameworksBuildPhase section */
		2FB26FA221436C2F0096E546 /* Frameworks */ = {
			isa = PBXFrameworksBuildPhase;
			buildActionMask = 2147483647;
			files = (
				7ACAC0A674E892A985721ED6 /* Pods_EXDemo.framework in Frameworks */,
			);
			runOnlyForDeploymentPostprocessing = 0;
		};
/* End PBXFrameworksBuildPhase section */

/* Begin PBXGroup section */
		2FB26F9C21436C2F0096E546 = {
			isa = PBXGroup;
			children = (
				2FB26FA721436C2F0096E546 /* EXDemo */,
				2FB26FBA214376680096E546 /* Extension */,
				2FB26FA621436C2F0096E546 /* Products */,
				91E9258FA8727EA3CDC711BF /* Pods */,
				AEC98906FA0E101500D6DDB4 /* Frameworks */,
			);
			sourceTree = "<group>";
		};
		2FB26FA621436C2F0096E546 /* Products */ = {
			isa = PBXGroup;
			children = (
				2FB26FA521436C2F0096E546 /* EXDemo.app */,
			);
			name = Products;
			sourceTree = "<group>";
		};
		2FB26FA721436C2F0096E546 /* EXDemo */ = {
			isa = PBXGroup;
			children = (
				2FB26FA821436C2F0096E546 /* AppDelegate.swift */,
				2FB26FAA21436C2F0096E546 /* ViewController.swift */,
				2F36ACFE2143EA33003DB8E0 /* DescViewController.swift */,
				C78A338522C50B690048EB09 /* Color.swift */,
				2FB26FAC21436C2F0096E546 /* Main.storyboard */,
				2FB26FAF21436C320096E546 /* Assets.xcassets */,
				2FB26FB121436C320096E546 /* LaunchScreen.storyboard */,
				2FB26FB421436C320096E546 /* Info.plist */,
				2F36ACEE2143E723003DB8E0 /* 扩展String介绍.txt */,
				2F36ACF22143E991003DB8E0 /* 扩展Array介绍.txt */,
				2F36ACF02143E991003DB8E0 /* 扩展Color介绍.txt */,
				2F36ACF32143E991003DB8E0 /* 扩展Double介绍.txt */,
				2F36ACF52143E992003DB8E0 /* 扩展UIImage介绍.txt */,
				2F36ACF42143E992003DB8E0 /* 扩展UINavigationBar介绍.txt */,
				2F36ACF62143E992003DB8E0 /* 扩展UITextField介绍.txt */,
				2F36ACF12143E991003DB8E0 /* 扩展UIView介绍.txt */,
			);
			path = EXDemo;
			sourceTree = "<group>";
		};
		2FB26FBA214376680096E546 /* Extension */ = {
			isa = PBXGroup;
			children = (
				2FB26FBB214376680096E546 /* Extension-String.swift */,
				2FB26FBC214376680096E546 /* Extension-UIImage.swift */,
				2FB26FBE214376680096E546 /* Extension-UINavigationBar.swift */,
				2FB26FBF214376680096E546 /* Extension-Double-Operator.swift */,
				C7790E2D24221110001A5900 /* Extension-Double.swift */,
				C7FFCD08241F971E00802328 /* Extension-String-2-Number.swift */,
				C7FFCD0C241FAE8600802328 /* Extension-Number-2-String.swift */,
				C7FFCD0A241F9ADA00802328 /* CommonlyNumber.swift */,
				2FB26FC0214376680096E546 /* Extension-Color.swift */,
				2FB26FC2214376680096E546 /* Extension-UIView.swift */,
				2FB26FC5214376680096E546 /* Extension-UITextField.swift */,
				2FB26FD12143789F0096E546 /* Extension-Array.swift */,
				C729C95F22C4CAEE00BB365A /* Extension-NSLayoutConstraint.swift */,
				C729C95D22C4790C00BB365A /* Extension-Range.swift */,
				C729C96122C4CD1400BB365A /* Extension-Date.swift */,
				C729C96322C4EF1A00BB365A /* Protocol.swift */,
			);
			name = Extension;
			path = ../Extension;
			sourceTree = "<group>";
		};
		91E9258FA8727EA3CDC711BF /* Pods */ = {
			isa = PBXGroup;
			children = (
				EDEF919788C8D45ECEF374D1 /* Pods-EXDemo.debug.xcconfig */,
				21F26148F769DA9FB35AFF17 /* Pods-EXDemo.release.xcconfig */,
			);
			name = Pods;
			sourceTree = "<group>";
		};
		AEC98906FA0E101500D6DDB4 /* Frameworks */ = {
			isa = PBXGroup;
			children = (
				3279FBE1C0ADF15EF6364C9C /* Pods_EXDemo.framework */,
			);
			name = Frameworks;
			sourceTree = "<group>";
		};
/* End PBXGroup section */

/* Begin PBXNativeTarget section */
		2FB26FA421436C2F0096E546 /* EXDemo */ = {
			isa = PBXNativeTarget;
			buildConfigurationList = 2FB26FB721436C320096E546 /* Build configuration list for PBXNativeTarget "EXDemo" */;
			buildPhases = (
				388F3B8E0DF0F37DBDADE4C5 /* [CP] Check Pods Manifest.lock */,
				2FB26FA121436C2F0096E546 /* Sources */,
				2FB26FA221436C2F0096E546 /* Frameworks */,
				2FB26FA321436C2F0096E546 /* Resources */,
				2034DD52CF6AD1995FB7795E /* [CP] Embed Pods Frameworks */,
			);
			buildRules = (
			);
			dependencies = (
			);
			name = EXDemo;
			productName = EXDemo;
			productReference = 2FB26FA521436C2F0096E546 /* EXDemo.app */;
			productType = "com.apple.product-type.application";
		};
/* End PBXNativeTarget section */

/* Begin PBXProject section */
		2FB26F9D21436C2F0096E546 /* Project object */ = {
			isa = PBXProject;
			attributes = {
				LastSwiftUpdateCheck = 0940;
				LastUpgradeCheck = 0940;
				ORGANIZATIONNAME = ayong;
				TargetAttributes = {
					2FB26FA421436C2F0096E546 = {
						CreatedOnToolsVersion = 9.4;
					};
				};
			};
			buildConfigurationList = 2FB26FA021436C2F0096E546 /* Build configuration list for PBXProject "EXDemo" */;
			compatibilityVersion = "Xcode 9.3";
			developmentRegion = en;
			hasScannedForEncodings = 0;
			knownRegions = (
				en,
				Base,
			);
			mainGroup = 2FB26F9C21436C2F0096E546;
			productRefGroup = 2FB26FA621436C2F0096E546 /* Products */;
			projectDirPath = "";
			projectRoot = "";
			targets = (
				2FB26FA421436C2F0096E546 /* EXDemo */,
			);
		};
/* End PBXProject section */

/* Begin PBXResourcesBuildPhase section */
		2FB26FA321436C2F0096E546 /* Resources */ = {
			isa = PBXResourcesBuildPhase;
			buildActionMask = 2147483647;
			files = (
				2F36ACF92143E992003DB8E0 /* 扩展Array介绍.txt in Resources */,
				2FB26FB321436C320096E546 /* LaunchScreen.storyboard in Resources */,
				2F36ACF72143E992003DB8E0 /* 扩展Color介绍.txt in Resources */,
				2FB26FB021436C320096E546 /* Assets.xcassets in Resources */,
				2F36ACEF2143E723003DB8E0 /* 扩展String介绍.txt in Resources */,
				2F36ACFB2143E992003DB8E0 /* 扩展UINavigationBar介绍.txt in Resources */,
				2FB26FAE21436C2F0096E546 /* Main.storyboard in Resources */,
				2F36ACFC2143E992003DB8E0 /* 扩展UIImage介绍.txt in Resources */,
				2F36ACF82143E992003DB8E0 /* 扩展UIView介绍.txt in Resources */,
				2F36ACFD2143E992003DB8E0 /* 扩展UITextField介绍.txt in Resources */,
				2F36ACFA2143E992003DB8E0 /* 扩展Double介绍.txt in Resources */,
			);
			runOnlyForDeploymentPostprocessing = 0;
		};
/* End PBXResourcesBuildPhase section */

/* Begin PBXShellScriptBuildPhase section */
		2034DD52CF6AD1995FB7795E /* [CP] Embed Pods Frameworks */ = {
			isa = PBXShellScriptBuildPhase;
			buildActionMask = 2147483647;
			files = (
			);
			inputFileListPaths = (
				"${PODS_ROOT}/Target Support Files/Pods-EXDemo/Pods-EXDemo-frameworks-${CONFIGURATION}-input-files.xcfilelist",
			);
			name = "[CP] Embed Pods Frameworks";
			outputFileListPaths = (
				"${PODS_ROOT}/Target Support Files/Pods-EXDemo/Pods-EXDemo-frameworks-${CONFIGURATION}-output-files.xcfilelist",
			);
			runOnlyForDeploymentPostprocessing = 0;
			shellPath = /bin/sh;
			shellScript = "\"${PODS_ROOT}/Target Support Files/Pods-EXDemo/Pods-EXDemo-frameworks.sh\"\n";
			showEnvVarsInLog = 0;
		};
		388F3B8E0DF0F37DBDADE4C5 /* [CP] Check Pods Manifest.lock */ = {
			isa = PBXShellScriptBuildPhase;
			buildActionMask = 2147483647;
			files = (
			);
			inputPaths = (
				"${PODS_PODFILE_DIR_PATH}/Podfile.lock",
				"${PODS_ROOT}/Manifest.lock",
			);
			name = "[CP] Check Pods Manifest.lock";
			outputPaths = (
				"$(DERIVED_FILE_DIR)/Pods-EXDemo-checkManifestLockResult.txt",
			);
			runOnlyForDeploymentPostprocessing = 0;
			shellPath = /bin/sh;
			shellScript = "diff \"${PODS_PODFILE_DIR_PATH}/Podfile.lock\" \"${PODS_ROOT}/Manifest.lock\" > /dev/null\nif [ $? != 0 ] ; then\n    # print error to STDERR\n    echo \"error: The sandbox is not in sync with the Podfile.lock. Run 'pod install' or update your CocoaPods installation.\" >&2\n    exit 1\nfi\n# This output is used by Xcode 'outputs' to avoid re-running this script phase.\necho \"SUCCESS\" > \"${SCRIPT_OUTPUT_FILE_0}\"\n";
			showEnvVarsInLog = 0;
		};
/* End PBXShellScriptBuildPhase section */

/* Begin PBXSourcesBuildPhase section */
		2FB26FA121436C2F0096E546 /* Sources */ = {
			isa = PBXSourcesBuildPhase;
			buildActionMask = 2147483647;
			files = (
				C7FFCD0B241F9ADA00802328 /* CommonlyNumber.swift in Sources */,
				2FB26FAB21436C2F0096E546 /* ViewController.swift in Sources */,
				C729C96222C4CD1400BB365A /* Extension-Date.swift in Sources */,
				2FB26FCB214376680096E546 /* Extension-Color.swift in Sources */,
				2FB26FC7214376680096E546 /* Extension-UIImage.swift in Sources */,
				C729C95E22C4790C00BB365A /* Extension-Range.swift in Sources */,
				2FB26FD22143789F0096E546 /* Extension-Array.swift in Sources */,
				2FB26FCD214376680096E546 /* Extension-UIView.swift in Sources */,
				2FB26FA921436C2F0096E546 /* AppDelegate.swift in Sources */,
				2FB26FC6214376680096E546 /* Extension-String.swift in Sources */,
				C7790E2E24221110001A5900 /* Extension-Double.swift in Sources */,
				C78A338622C50B690048EB09 /* Color.swift in Sources */,
				2FB26FCA214376680096E546 /* Extension-Double-Operator.swift in Sources */,
				C7FFCD0D241FAE8600802328 /* Extension-Number-2-String.swift in Sources */,
				C729C96022C4CAEE00BB365A /* Extension-NSLayoutConstraint.swift in Sources */,
				2F36ACFF2143EA33003DB8E0 /* DescViewController.swift in Sources */,
				C7FFCD09241F971E00802328 /* Extension-String-2-Number.swift in Sources */,
				2FB26FC9214376680096E546 /* Extension-UINavigationBar.swift in Sources */,
				2FB26FD0214376680096E546 /* Extension-UITextField.swift in Sources */,
				C729C96422C4EF1A00BB365A /* Protocol.swift in Sources */,
			);
			runOnlyForDeploymentPostprocessing = 0;
		};
/* End PBXSourcesBuildPhase section */

/* Begin PBXVariantGroup section */
		2FB26FAC21436C2F0096E546 /* Main.storyboard */ = {
			isa = PBXVariantGroup;
			children = (
				2FB26FAD21436C2F0096E546 /* Base */,
			);
			name = Main.storyboard;
			sourceTree = "<group>";
		};
		2FB26FB121436C320096E546 /* LaunchScreen.storyboard */ = {
			isa = PBXVariantGroup;
			children = (
				2FB26FB221436C320096E546 /* Base */,
			);
			name = LaunchScreen.storyboard;
			sourceTree = "<group>";
		};
/* End PBXVariantGroup section */

/* Begin XCBuildConfiguration section */
		2FB26FB521436C320096E546 /* Debug */ = {
			isa = XCBuildConfiguration;
			buildSettings = {
				ALWAYS_SEARCH_USER_PATHS = NO;
				CLANG_ANALYZER_NONNULL = YES;
				CLANG_ANALYZER_NUMBER_OBJECT_CONVERSION = YES_AGGRESSIVE;
				CLANG_CXX_LANGUAGE_STANDARD = "gnu++14";
				CLANG_CXX_LIBRARY = "libc++";
				CLANG_ENABLE_MODULES = YES;
				CLANG_ENABLE_OBJC_ARC = YES;
				CLANG_ENABLE_OBJC_WEAK = YES;
				CLANG_WARN_BLOCK_CAPTURE_AUTORELEASING = YES;
				CLANG_WARN_BOOL_CONVERSION = YES;
				CLANG_WARN_COMMA = YES;
				CLANG_WARN_CONSTANT_CONVERSION = YES;
				CLANG_WARN_DEPRECATED_OBJC_IMPLEMENTATIONS = YES;
				CLANG_WARN_DIRECT_OBJC_ISA_USAGE = YES_ERROR;
				CLANG_WARN_DOCUMENTATION_COMMENTS = YES;
				CLANG_WARN_EMPTY_BODY = YES;
				CLANG_WARN_ENUM_CONVERSION = YES;
				CLANG_WARN_INFINITE_RECURSION = YES;
				CLANG_WARN_INT_CONVERSION = YES;
				CLANG_WARN_NON_LITERAL_NULL_CONVERSION = YES;
				CLANG_WARN_OBJC_IMPLICIT_RETAIN_SELF = YES;
				CLANG_WARN_OBJC_LITERAL_CONVERSION = YES;
				CLANG_WARN_OBJC_ROOT_CLASS = YES_ERROR;
				CLANG_WARN_RANGE_LOOP_ANALYSIS = YES;
				CLANG_WARN_STRICT_PROTOTYPES = YES;
				CLANG_WARN_SUSPICIOUS_MOVE = YES;
				CLANG_WARN_UNGUARDED_AVAILABILITY = YES_AGGRESSIVE;
				CLANG_WARN_UNREACHABLE_CODE = YES;
				CLANG_WARN__DUPLICATE_METHOD_MATCH = YES;
				CODE_SIGN_IDENTITY = "iPhone Developer";
				COPY_PHASE_STRIP = NO;
				DEBUG_INFORMATION_FORMAT = dwarf;
				ENABLE_STRICT_OBJC_MSGSEND = YES;
				ENABLE_TESTABILITY = YES;
				GCC_C_LANGUAGE_STANDARD = gnu11;
				GCC_DYNAMIC_NO_PIC = NO;
				GCC_NO_COMMON_BLOCKS = YES;
				GCC_OPTIMIZATION_LEVEL = 0;
				GCC_PREPROCESSOR_DEFINITIONS = (
					"DEBUG=1",
					"$(inherited)",
				);
				GCC_WARN_64_TO_32_BIT_CONVERSION = YES;
				GCC_WARN_ABOUT_RETURN_TYPE = YES_ERROR;
				GCC_WARN_UNDECLARED_SELECTOR = YES;
				GCC_WARN_UNINITIALIZED_AUTOS = YES_AGGRESSIVE;
				GCC_WARN_UNUSED_FUNCTION = YES;
				GCC_WARN_UNUSED_VARIABLE = YES;
				IPHONEOS_DEPLOYMENT_TARGET = 11.4;
				MTL_ENABLE_DEBUG_INFO = YES;
				ONLY_ACTIVE_ARCH = YES;
				SDKROOT = iphoneos;
				SWIFT_ACTIVE_COMPILATION_CONDITIONS = DEBUG;
				SWIFT_OPTIMIZATION_LEVEL = "-Onone";
			};
			name = Debug;
		};
		2FB26FB621436C320096E546 /* Release */ = {
			isa = XCBuildConfiguration;
			buildSettings = {
				ALWAYS_SEARCH_USER_PATHS = NO;
				CLANG_ANALYZER_NONNULL = YES;
				CLANG_ANALYZER_NUMBER_OBJECT_CONVERSION = YES_AGGRESSIVE;
				CLANG_CXX_LANGUAGE_STANDARD = "gnu++14";
				CLANG_CXX_LIBRARY = "libc++";
				CLANG_ENABLE_MODULES = YES;
				CLANG_ENABLE_OBJC_ARC = YES;
				CLANG_ENABLE_OBJC_WEAK = YES;
				CLANG_WARN_BLOCK_CAPTURE_AUTORELEASING = YES;
				CLANG_WARN_BOOL_CONVERSION = YES;
				CLANG_WARN_COMMA = YES;
				CLANG_WARN_CONSTANT_CONVERSION = YES;
				CLANG_WARN_DEPRECATED_OBJC_IMPLEMENTATIONS = YES;
				CLANG_WARN_DIRECT_OBJC_ISA_USAGE = YES_ERROR;
				CLANG_WARN_DOCUMENTATION_COMMENTS = YES;
				CLANG_WARN_EMPTY_BODY = YES;
				CLANG_WARN_ENUM_CONVERSION = YES;
				CLANG_WARN_INFINITE_RECURSION = YES;
				CLANG_WARN_INT_CONVERSION = YES;
				CLANG_WARN_NON_LITERAL_NULL_CONVERSION = YES;
				CLANG_WARN_OBJC_IMPLICIT_RETAIN_SELF = YES;
				CLANG_WARN_OBJC_LITERAL_CONVERSION = YES;
				CLANG_WARN_OBJC_ROOT_CLASS = YES_ERROR;
				CLANG_WARN_RANGE_LOOP_ANALYSIS = YES;
				CLANG_WARN_STRICT_PROTOTYPES = YES;
				CLANG_WARN_SUSPICIOUS_MOVE = YES;
				CLANG_WARN_UNGUARDED_AVAILABILITY = YES_AGGRESSIVE;
				CLANG_WARN_UNREACHABLE_CODE = YES;
				CLANG_WARN__DUPLICATE_METHOD_MATCH = YES;
				CODE_SIGN_IDENTITY = "iPhone Developer";
				COPY_PHASE_STRIP = NO;
				DEBUG_INFORMATION_FORMAT = "dwarf-with-dsym";
				ENABLE_NS_ASSERTIONS = NO;
				ENABLE_STRICT_OBJC_MSGSEND = YES;
				GCC_C_LANGUAGE_STANDARD = gnu11;
				GCC_NO_COMMON_BLOCKS = YES;
				GCC_WARN_64_TO_32_BIT_CONVERSION = YES;
				GCC_WARN_ABOUT_RETURN_TYPE = YES_ERROR;
				GCC_WARN_UNDECLARED_SELECTOR = YES;
				GCC_WARN_UNINITIALIZED_AUTOS = YES_AGGRESSIVE;
				GCC_WARN_UNUSED_FUNCTION = YES;
				GCC_WARN_UNUSED_VARIABLE = YES;
				IPHONEOS_DEPLOYMENT_TARGET = 11.4;
				MTL_ENABLE_DEBUG_INFO = NO;
				SDKROOT = iphoneos;
				SWIFT_COMPILATION_MODE = wholemodule;
				SWIFT_OPTIMIZATION_LEVEL = "-O";
				VALIDATE_PRODUCT = YES;
			};
			name = Release;
		};
		2FB26FB821436C320096E546 /* Debug */ = {
			isa = XCBuildConfiguration;
			baseConfigurationReference = EDEF919788C8D45ECEF374D1 /* Pods-EXDemo.debug.xcconfig */;
			buildSettings = {
				ASSETCATALOG_COMPILER_APPICON_NAME = AppIcon;
				CODE_SIGN_STYLE = Automatic;
				DEVELOPMENT_TEAM = FDDHMJN7C8;
				INFOPLIST_FILE = EXDemo/Info.plist;
				IPHONEOS_DEPLOYMENT_TARGET = 9.0;
				LD_RUNPATH_SEARCH_PATHS = (
					"$(inherited)",
					"@executable_path/Frameworks",
				);
				PRODUCT_BUNDLE_IDENTIFIER = developer.ayong.EXDemo;
				PRODUCT_NAME = "$(TARGET_NAME)";
				SWIFT_VERSION = 5.0;
				TARGETED_DEVICE_FAMILY = "1,2";
			};
			name = Debug;
		};
		2FB26FB921436C320096E546 /* Release */ = {
			isa = XCBuildConfiguration;
			baseConfigurationReference = 21F26148F769DA9FB35AFF17 /* Pods-EXDemo.release.xcconfig */;
			buildSettings = {
				ASSETCATALOG_COMPILER_APPICON_NAME = AppIcon;
				CODE_SIGN_STYLE = Automatic;
				DEVELOPMENT_TEAM = FDDHMJN7C8;
				INFOPLIST_FILE = EXDemo/Info.plist;
				IPHONEOS_DEPLOYMENT_TARGET = 9.0;
				LD_RUNPATH_SEARCH_PATHS = (
					"$(inherited)",
					"@executable_path/Frameworks",
				);
				PRODUCT_BUNDLE_IDENTIFIER = developer.ayong.EXDemo;
				PRODUCT_NAME = "$(TARGET_NAME)";
				SWIFT_VERSION = 5.0;
				TARGETED_DEVICE_FAMILY = "1,2";
			};
			name = Release;
		};
/* End XCBuildConfiguration section */

/* Begin XCConfigurationList section */
		2FB26FA021436C2F0096E546 /* Build configuration list for PBXProject "EXDemo" */ = {
			isa = XCConfigurationList;
			buildConfigurations = (
				2FB26FB521436C320096E546 /* Debug */,
				2FB26FB621436C320096E546 /* Release */,
			);
			defaultConfigurationIsVisible = 0;
			defaultConfigurationName = Release;
		};
		2FB26FB721436C320096E546 /* Build configuration list for PBXNativeTarget "EXDemo" */ = {
			isa = XCConfigurationList;
			buildConfigurations = (
				2FB26FB821436C320096E546 /* Debug */,
				2FB26FB921436C320096E546 /* Release */,
			);
			defaultConfigurationIsVisible = 0;
			defaultConfigurationName = Release;
		};
/* End XCConfigurationList section */
	};
	rootObject = 2FB26F9D21436C2F0096E546 /* Project object */;
}
